# @generated - this file is auto-generated by `mise lock` https://mise.jdx.dev/dev-tools/mise-lock.html

[[tools."github:argoproj/argo-workflows"]]
version = "4.0.5"
backend = "github:argoproj/argo-workflows"

[tools."github:argoproj/argo-workflows"."platforms.linux-arm64"]
checksum = "sha256:280683f4d29c433c614bbc47d8638d2ca095a98e150f821b71a40732606e34cb"
url = "https://github.com/argoproj/argo-workflows/releases/download/v4.0.5/argo-linux-arm64.gz"
url_api = "https://api.github.com/repos/argoproj/argo-workflows/releases/assets/403312249"

[tools."github:argoproj/argo-workflows"."platforms.linux-arm64-musl"]
checksum = "sha256:280683f4d29c433c614bbc47d8638d2ca095a98e150f821b71a40732606e34cb"
url = "https://github.com/argoproj/argo-workflows/releases/download/v4.0.5/argo-linux-arm64.gz"
url_api = "https://api.github.com/repos/argoproj/argo-workflows/releases/assets/403312249"

[tools."github:argoproj/argo-workflows"."platforms.linux-x64"]
checksum = "sha256:8732418f3bc930e9ea0e2be497270cf245b55c7ac9ae116856743f6bc32733c0"
url = "https://github.com/argoproj/argo-workflows/releases/download/v4.0.5/argo-linux-amd64.gz"
url_api = "https://api.github.com/repos/argoproj/argo-workflows/releases/assets/403312239"

[tools."github:argoproj/argo-workflows"."platforms.linux-x64-musl"]
checksum = "sha256:8732418f3bc930e9ea0e2be497270cf245b55c7ac9ae116856743f6bc32733c0"
url = "https://github.com/argoproj/argo-workflows/releases/download/v4.0.5/argo-linux-amd64.gz"
url_api = "https://api.github.com/repos/argoproj/argo-workflows/releases/assets/403312239"

[tools."github:argoproj/argo-workflows"."platforms.macos-arm64"]
checksum = "sha256:fe5165796519c0a4baae2c20010e0b0e1deb6ba8f3c9c5c2eea21bd88349e06a"
url = "https://github.com/argoproj/argo-workflows/releases/download/v4.0.5/argo-darwin-arm64.gz"
url_api = "https://api.github.com/repos/argoproj/argo-workflows/releases/assets/403312233"

[tools."github:argoproj/argo-workflows"."platforms.macos-x64"]
checksum = "sha256:cf3b5d8c82902de163e7ef392ffbda8c17671620c822785d14e47055563e1654"
url = "https://github.com/argoproj/argo-workflows/releases/download/v4.0.5/argo-darwin-amd64.gz"
url_api = "https://api.github.com/repos/argoproj/argo-workflows/releases/assets/403312235"

[tools."github:argoproj/argo-workflows"."platforms.windows-x64"]
checksum = "sha256:3d44201192e2e02c341cd8325b9a4f3e49f99e605ca618ecbf1bcb56f872bc05"
url = "https://github.com/argoproj/argo-workflows/releases/download/v4.0.5/argo-windows-amd64.exe.gz"
url_api = "https://api.github.com/repos/argoproj/argo-workflows/releases/assets/403312251"

[[tools.pipx]]
version = "1.17.2"
backend = "aqua:pypa/pipx"

[tools.pipx."platforms.linux-arm64"]
checksum = "sha256:31d517b7afebf55d3b597d613c735389068a973a54712a50641845cf2cb2bb1d"
url = "https://github.com/pypa/pipx/releases/download/1.17.2/pipx.pyz"
url_api = "https://api.github.com/repos/pypa/pipx/releases/assets/540192956"

[tools.pipx."platforms.linux-arm64-musl"]
checksum = "sha256:31d517b7afebf55d3b597d613c735389068a973a54712a50641845cf2cb2bb1d"
url = "https://github.com/pypa/pipx/releases/download/1.17.2/pipx.pyz"
url_api = "https://api.github.com/repos/pypa/pipx/releases/assets/540192956"

[tools.pipx."platforms.linux-x64"]
checksum = "sha256:31d517b7afebf55d3b597d613c735389068a973a54712a50641845cf2cb2bb1d"
url = "https://github.com/pypa/pipx/releases/download/1.17.2/pipx.pyz"
url_api = "https://api.github.com/repos/pypa/pipx/releases/assets/540192956"

[tools.pipx."platforms.linux-x64-musl"]
checksum = "sha256:31d517b7afebf55d3b597d613c735389068a973a54712a50641845cf2cb2bb1d"
url = "https://github.com/pypa/pipx/releases/download/1.17.2/pipx.pyz"
url_api = "https://api.github.com/repos/pypa/pipx/releases/assets/540192956"

[tools.pipx."platforms.macos-arm64"]
checksum = "sha256:31d517b7afebf55d3b597d613c735389068a973a54712a50641845cf2cb2bb1d"
url = "https://github.com/pypa/pipx/releases/download/1.17.2/pipx.pyz"
url_api = "https://api.github.com/repos/pypa/pipx/releases/assets/540192956"

[tools.pipx."platforms.macos-x64"]
checksum = "sha256:31d517b7afebf55d3b597d613c735389068a973a54712a50641845cf2cb2bb1d"
url = "https://github.com/pypa/pipx/releases/download/1.17.2/pipx.pyz"
url_api = "https://api.github.com/repos/pypa/pipx/releases/assets/540192956"

[[tools."pipx:pass-culture/passdirector"]]
version = "v0.7.0"
backend = "pipx:pass-culture/passdirector"

[[tools.python]]
version = "3.14.7"
backend = "core:python"

[tools.python."platforms.linux-arm64"]
checksum = "sha256:8a0798baa8a2c27b5751d590aced543eaa85e20b3f73d93c1af049688acdc9c5"
url = "https://github.com/astral-sh/python-build-standalone/releases/download/20260901/cpython-3.14.7+20260901-aarch64-unknown-linux-gnu-install_only_stripped.tar.gz"
provenance = "github-attestations"

[tools.python."platforms.linux-arm64-musl"]
checksum = "sha256:701c31d72187242302922a29f3bc6023ceb68b6b68fb8d4ed7568d1e6ef34548"
url = "https://github.com/astral-sh/python-build-standalone/releases/download/20260901/cpython-3.14.7+20260901-aarch64-unknown-linux-musl-install_only_stripped.tar.gz"
provenance = "github-attestations"

[tools.python."platforms.linux-x64"]
checksum = "sha256:3959f92825141e04adf44982d3a83ee57af0877e893b0796e04c1468749d9b04"
url = "https://github.com/astral-sh/python-build-standalone/releases/download/20260901/cpython-3.14.7+20260901-x86_64-unknown-linux-gnu-install_only_stripped.tar.gz"
provenance = "github-attestations"

[tools.python."platforms.linux-x64-musl"]
checksum = "sha256:c773f8a7357c0d1a29e208a14bc16386731ca9c0d2e51f1b6741967fb0632cdc"
url = "https://github.com/astral-sh/python-build-standalone/releases/download/20260901/cpython-3.14.7+20260901-x86_64-unknown-linux-musl-install_only_stripped.tar.gz"
provenance = "github-attestations"

[tools.python."platforms.macos-arm64"]
checksum = "sha256:4632cb1a6edad9e73d3c81b6d2e69131637d995173e3e85005df14102b0592ba"
url = "https://github.com/astral-sh/python-build-standalone/releases/download/20260901/cpython-3.14.7+20260901-aarch64-apple-darwin-install_only_stripped.tar.gz"
provenance = "github-attestations"

[tools.python."platforms.macos-x64"]
checksum = "sha256:7e151a7c9028855b61a7d6e78381f2020a1ef185281399f3b1aafc5e1c9a1a64"
url = "https://github.com/astral-sh/python-build-standalone/releases/download/20260901/cpython-3.14.7+20260901-x86_64-apple-darwin-install_only_stripped.tar.gz"
provenance = "github-attestations"

[tools.python."platforms.windows-x64"]
checksum = "sha256:ca3c33ca924dfcab3b74205a7a58a88b0255135c53f95497b26b5e60700fd66d"
url = "https://github.com/astral-sh/python-build-standalone/releases/download/20260901/cpython-3.14.7+20260901-x86_64-pc-windows-msvc-install_only_stripped.tar.gz"
provenance = "github-attestations"
