{
  "requires": true,
  "lockfileVersion": 1,
  "dependencies": {
    "artillery-plugin-metrics-by-endpoint": {
      "version": "0.0.1",
      "resolved": "https://registry.npmjs.org/artillery-plugin-metrics-by-endpoint/-/artillery-plugin-metrics-by-endpoint-0.0.1.tgz",
      "integrity": "sha512-nrk/gyZ4yxYBqL/aLht67/Kv/HPa3jEcAd6SEuP5WvPluBVSpzjOkvY9QALyWeJrf5UlIYnpI9yFyu2qRbXFxg==",
      "dev": true
    }
  }
}
